
Microsoft Visual Studio Solution File, Format Version 12.00
# Visual Studio Version 17
VisualStudioVersion = 17.14.36518.9
MinimumVisualStudioVersion = 10.0.40219.1
Project("{FAE04EC0-301F-11D3-BF4B-00C04F79EFBC}") = "Banane", "Banane\Banane.csproj", "{892C0867-1EC0-499B-8CDB-6D2F361C851D}"
EndProject
Project("{FAE04EC0-301F-11D3-BF4B-00C04F79EFBC}") = "ApiBanane", "ApiBanane\ApiBanane.csproj", "{79F4F0F7-DC0E-46A4-8950-607EC01FB183}"
EndProject
Global
	GlobalSection(SolutionConfigurationPlatforms) = preSolution
		Debug|Any CPU = Debug|Any CPU
		Release|Any CPU = Release|Any CPU
	EndGlobalSection
	GlobalSection(ProjectConfigurationPlatforms) = postSolution
		{892C0867-1EC0-499B-8CDB-6D2F361C851D}.Debug|Any CPU.ActiveCfg = Debug|Any CPU
		{892C0867-1EC0-499B-8CDB-6D2F361C851D}.Debug|Any CPU.Build.0 = Debug|Any CPU
		{892C0867-1EC0-499B-8CDB-6D2F361C851D}.Release|Any CPU.ActiveCfg = Release|Any CPU
		{892C0867-1EC0-499B-8CDB-6D2F361C851D}.Release|Any CPU.Build.0 = Release|Any CPU
		{79F4F0F7-DC0E-46A4-8950-607EC01FB183}.Debug|Any CPU.ActiveCfg = Debug|Any CPU
		{79F4F0F7-DC0E-46A4-8950-607EC01FB183}.Debug|Any CPU.Build.0 = Debug|Any CPU
		{79F4F0F7-DC0E-46A4-8950-607EC01FB183}.Release|Any CPU.ActiveCfg = Release|Any CPU
		{79F4F0F7-DC0E-46A4-8950-607EC01FB183}.Release|Any CPU.Build.0 = Release|Any CPU
	EndGlobalSection
	GlobalSection(SolutionProperties) = preSolution
		HideSolutionNode = FALSE
	EndGlobalSection
	GlobalSection(ExtensibilityGlobals) = postSolution
		SolutionGuid = {6C2B0362-5011-47EF-8403-BFA6771F4ACE}
	EndGlobalSection
EndGlobal
